// !$*UTF8*$!
{
	archiveVersion = 1;
	classes = {
	};
	objectVersion = 56;
	objects = {

/* Begin PBXBuildFile section */
		1534F0B1294ACDEC00075142 /* GenreService.swift in Sources */ = {isa = PBXBuildFile; fileRef = 1534F0B0294ACDEC00075142 /* GenreService.swift */; };
		1534F0B3294ACF2C00075142 /* Service.swift in Sources */ = {isa = PBXBuildFile; fileRef = 1534F0B2294ACF2C00075142 /* Service.swift */; };
		1534F0B5294AD03400075142 /* Constants.swift in Sources */ = {isa = PBXBuildFile; fileRef = 1534F0B4294AD03400075142 /* Constants.swift */; };
		1534F0CA294AE2B100075142 /* MovieService.swift in Sources */ = {isa = PBXBuildFile; fileRef = 1534F0C9294AE2B100075142 /* MovieService.swift */; };
		1534F0CD294AE7C300075142 /* JSONDecoderExtension.swift in Sources */ = {isa = PBXBuildFile; fileRef = 1534F0CC294AE7C300075142 /* JSONDecoderExtension.swift */; };
		1534F0D4294AEE0A00075142 /* MoviesCollectionViewCell.swift in Sources */ = {isa = PBXBuildFile; fileRef = 1534F0D3294AEE0A00075142 /* MoviesCollectionViewCell.swift */; };
		1534F0D8294AEEA600075142 /* MoviesCollectionViewCell.xib in Resources */ = {isa = PBXBuildFile; fileRef = 1534F0D7294AEEA600075142 /* MoviesCollectionViewCell.xib */; };
		1534F0E0294AF1AF00075142 /* CustomImageView.swift in Sources */ = {isa = PBXBuildFile; fileRef = 1534F0DF294AF1AF00075142 /* CustomImageView.swift */; };
		1534F0E4294AF2F700075142 /* MoviesView.swift in Sources */ = {isa = PBXBuildFile; fileRef = 1534F0E3294AF2F700075142 /* MoviesView.swift */; };
		1534F0E6294AF3EA00075142 /* MoviesView.xib in Resources */ = {isa = PBXBuildFile; fileRef = 1534F0E5294AF3EA00075142 /* MoviesView.xib */; };
		1534F0E9294BB95A00075142 /* ShowMovieViewModel.swift in Sources */ = {isa = PBXBuildFile; fileRef = 1534F0E8294BB95A00075142 /* ShowMovieViewModel.swift */; };
		1534F0ED294BBA0200075142 /* MovieDataSource.swift in Sources */ = {isa = PBXBuildFile; fileRef = 1534F0EC294BBA0200075142 /* MovieDataSource.swift */; };
		1534F0EF294BBAB500075142 /* AppDelegate.swift in Sources */ = {isa = PBXBuildFile; fileRef = 1534F0EE294BBAB500075142 /* AppDelegate.swift */; };
		1534F0F4294BBC5500075142 /* TabBarController.swift in Sources */ = {isa = PBXBuildFile; fileRef = 1534F0F3294BBC5500075142 /* TabBarController.swift */; };
		1534F0F6294BCC3000075142 /* ListMoviesViewController.swift in Sources */ = {isa = PBXBuildFile; fileRef = 1534F0F5294BCC3000075142 /* ListMoviesViewController.swift */; };
		1534F0F8294BFE7900075142 /* ListMovieViewController.xib in Resources */ = {isa = PBXBuildFile; fileRef = 1534F0F7294BFE7900075142 /* ListMovieViewController.xib */; };
		1534F0FA294BFF5300075142 /* SearchMoviesViewController.swift in Sources */ = {isa = PBXBuildFile; fileRef = 1534F0F9294BFF5300075142 /* SearchMoviesViewController.swift */; };
		1534F0FC294C091F00075142 /* SearchMovieViewController.xib in Resources */ = {isa = PBXBuildFile; fileRef = 1534F0FB294C091F00075142 /* SearchMovieViewController.xib */; };
		A6EB4BCC294A6A070073A4F5 /* CinematicApp.swift in Sources */ = {isa = PBXBuildFile; fileRef = A6EB4BCB294A6A070073A4F5 /* CinematicApp.swift */; };
		A6EB4BCE294A6A070073A4F5 /* ContentView.swift in Sources */ = {isa = PBXBuildFile; fileRef = A6EB4BCD294A6A070073A4F5 /* ContentView.swift */; };
		A6EB4BD0294A6A090073A4F5 /* Assets.xcassets in Resources */ = {isa = PBXBuildFile; fileRef = A6EB4BCF294A6A090073A4F5 /* Assets.xcassets */; };
		A6EB4BD3294A6A090073A4F5 /* Preview Assets.xcassets in Resources */ = {isa = PBXBuildFile; fileRef = A6EB4BD2294A6A090073A4F5 /* Preview Assets.xcassets */; };
		A6EB4BD5294A6A090073A4F5 /* Persistence.swift in Sources */ = {isa = PBXBuildFile; fileRef = A6EB4BD4294A6A090073A4F5 /* Persistence.swift */; };
		A6EB4BD8294A6A090073A4F5 /* Cinematic.xcdatamodeld in Sources */ = {isa = PBXBuildFile; fileRef = A6EB4BD6294A6A090073A4F5 /* Cinematic.xcdatamodeld */; };
		A6EB4BE0294A6E7C0073A4F5 /* Genre.swift in Sources */ = {isa = PBXBuildFile; fileRef = A6EB4BDF294A6E7C0073A4F5 /* Genre.swift */; };
		A6EB4BE2294A6E900073A4F5 /* Movie.swift in Sources */ = {isa = PBXBuildFile; fileRef = A6EB4BE1294A6E900073A4F5 /* Movie.swift */; };
/* End PBXBuildFile section */

/* Begin PBXFileReference section */
		1534F0B0294ACDEC00075142 /* GenreService.swift */ = {isa = PBXFileReference; lastKnownFileType = sourcecode.swift; path = GenreService.swift; sourceTree = "<group>"; };
		1534F0B2294ACF2C00075142 /* Service.swift */ = {isa = PBXFileReference; lastKnownFileType = sourcecode.swift; path = Service.swift; sourceTree = "<group>"; };
		1534F0B4294AD03400075142 /* Constants.swift */ = {isa = PBXFileReference; lastKnownFileType = sourcecode.swift; path = Constants.swift; sourceTree = "<group>"; };
		1534F0C9294AE2B100075142 /* MovieService.swift */ = {isa = PBXFileReference; lastKnownFileType = sourcecode.swift; path = MovieService.swift; sourceTree = "<group>"; };
		1534F0CC294AE7C300075142 /* JSONDecoderExtension.swift */ = {isa = PBXFileReference; lastKnownFileType = sourcecode.swift; path = JSONDecoderExtension.swift; sourceTree = "<group>"; };
		1534F0D3294AEE0A00075142 /* MoviesCollectionViewCell.swift */ = {isa = PBXFileReference; lastKnownFileType = sourcecode.swift; path = MoviesCollectionViewCell.swift; sourceTree = "<group>"; };
		1534F0D7294AEEA600075142 /* MoviesCollectionViewCell.xib */ = {isa = PBXFileReference; lastKnownFileType = file.xib; path = MoviesCollectionViewCell.xib; sourceTree = "<group>"; };
		1534F0DF294AF1AF00075142 /* CustomImageView.swift */ = {isa = PBXFileReference; lastKnownFileType = sourcecode.swift; path = CustomImageView.swift; sourceTree = "<group>"; };
		1534F0E3294AF2F700075142 /* MoviesView.swift */ = {isa = PBXFileReference; lastKnownFileType = sourcecode.swift; path = MoviesView.swift; sourceTree = "<group>"; };
		1534F0E5294AF3EA00075142 /* MoviesView.xib */ = {isa = PBXFileReference; lastKnownFileType = file.xib; path = MoviesView.xib; sourceTree = "<group>"; };
		1534F0E8294BB95A00075142 /* ShowMovieViewModel.swift */ = {isa = PBXFileReference; lastKnownFileType = sourcecode.swift; path = ShowMovieViewModel.swift; sourceTree = "<group>"; };
		1534F0EC294BBA0200075142 /* MovieDataSource.swift */ = {isa = PBXFileReference; lastKnownFileType = sourcecode.swift; path = MovieDataSource.swift; sourceTree = "<group>"; };
		1534F0EE294BBAB500075142 /* AppDelegate.swift */ = {isa = PBXFileReference; lastKnownFileType = sourcecode.swift; path = AppDelegate.swift; sourceTree = "<group>"; };
		1534F0F3294BBC5500075142 /* TabBarController.swift */ = {isa = PBXFileReference; lastKnownFileType = sourcecode.swift; path = TabBarController.swift; sourceTree = "<group>"; };
		1534F0F5294BCC3000075142 /* ListMoviesViewController.swift */ = {isa = PBXFileReference; lastKnownFileType = sourcecode.swift; path = ListMoviesViewController.swift; sourceTree = "<group>"; };
		1534F0F7294BFE7900075142 /* ListMovieViewController.xib */ = {isa = PBXFileReference; lastKnownFileType = file.xib; path = ListMovieViewController.xib; sourceTree = "<group>"; };
		1534F0F9294BFF5300075142 /* SearchMoviesViewController.swift */ = {isa = PBXFileReference; lastKnownFileType = sourcecode.swift; path = SearchMoviesViewController.swift; sourceTree = "<group>"; };
		1534F0FB294C091F00075142 /* SearchMovieViewController.xib */ = {isa = PBXFileReference; lastKnownFileType = file.xib; path = SearchMovieViewController.xib; sourceTree = "<group>"; };
		A6EB4BC8294A6A070073A4F5 /* Cinematic.app */ = {isa = PBXFileReference; explicitFileType = wrapper.application; includeInIndex = 0; path = Cinematic.app; sourceTree = BUILT_PRODUCTS_DIR; };
		A6EB4BCB294A6A070073A4F5 /* CinematicApp.swift */ = {isa = PBXFileReference; lastKnownFileType = sourcecode.swift; path = CinematicApp.swift; sourceTree = "<group>"; };
		A6EB4BCD294A6A070073A4F5 /* ContentView.swift */ = {isa = PBXFileReference; lastKnownFileType = sourcecode.swift; path = ContentView.swift; sourceTree = "<group>"; };
		A6EB4BCF294A6A090073A4F5 /* Assets.xcassets */ = {isa = PBXFileReference; lastKnownFileType = folder.assetcatalog; path = Assets.xcassets; sourceTree = "<group>"; };
		A6EB4BD2294A6A090073A4F5 /* Preview Assets.xcassets */ = {isa = PBXFileReference; lastKnownFileType = folder.assetcatalog; path = "Preview Assets.xcassets"; sourceTree = "<group>"; };
		A6EB4BD4294A6A090073A4F5 /* Persistence.swift */ = {isa = PBXFileReference; lastKnownFileType = sourcecode.swift; path = Persistence.swift; sourceTree = "<group>"; };
		A6EB4BD7294A6A090073A4F5 /* Cinematic.xcdatamodel */ = {isa = PBXFileReference; lastKnownFileType = wrapper.xcdatamodel; path = Cinematic.xcdatamodel; sourceTree = "<group>"; };
		A6EB4BDF294A6E7C0073A4F5 /* Genre.swift */ = {isa = PBXFileReference; lastKnownFileType = sourcecode.swift; path = Genre.swift; sourceTree = "<group>"; };
		A6EB4BE1294A6E900073A4F5 /* Movie.swift */ = {isa = PBXFileReference; lastKnownFileType = sourcecode.swift; path = Movie.swift; sourceTree = "<group>"; };
/* End PBXFileReference section */

/* Begin PBXFrameworksBuildPhase section */
		A6EB4BC5294A6A070073A4F5 /* Frameworks */ = {
			isa = PBXFrameworksBuildPhase;
			buildActionMask = 2147483647;
			files = (
			);
			runOnlyForDeploymentPostprocessing = 0;
		};
/* End PBXFrameworksBuildPhase section */

/* Begin PBXGroup section */
		1534F0AD294ACBF700075142 /* Services */ = {
			isa = PBXGroup;
			children = (
				1534F0B0294ACDEC00075142 /* GenreService.swift */,
				1534F0B2294ACF2C00075142 /* Service.swift */,
				1534F0C9294AE2B100075142 /* MovieService.swift */,
			);
			path = Services;
			sourceTree = "<group>";
		};
		1534F0B6294ADD1C00075142 /* Views */ = {
			isa = PBXGroup;
			children = (
				1534F0CB294AE78F00075142 /* Extensions */,
			);
			path = Views;
			sourceTree = "<group>";
		};
		1534F0CB294AE78F00075142 /* Extensions */ = {
			isa = PBXGroup;
			children = (
				1534F0CC294AE7C300075142 /* JSONDecoderExtension.swift */,
				1534F0E3294AF2F700075142 /* MoviesView.swift */,
				1534F0D3294AEE0A00075142 /* MoviesCollectionViewCell.swift */,
				1534F0D7294AEEA600075142 /* MoviesCollectionViewCell.xib */,
				1534F0DF294AF1AF00075142 /* CustomImageView.swift */,
				1534F0E5294AF3EA00075142 /* MoviesView.xib */,
			);
			path = Extensions;
			sourceTree = "<group>";
		};
		1534F0E7294BB90500075142 /* ViewModels */ = {
			isa = PBXGroup;
			children = (
				1534F0E8294BB95A00075142 /* ShowMovieViewModel.swift */,
			);
			path = ViewModels;
			sourceTree = "<group>";
		};
		1534F0EB294BB9E900075142 /* DataSource */ = {
			isa = PBXGroup;
			children = (
				1534F0EC294BBA0200075142 /* MovieDataSource.swift */,
			);
			path = DataSource;
			sourceTree = "<group>";
		};
		1534F0F0294BBBBC00075142 /* Controllers */ = {
			isa = PBXGroup;
			children = (
				1534F0F3294BBC5500075142 /* TabBarController.swift */,
				1534F0F5294BCC3000075142 /* ListMoviesViewController.swift */,
				1534F0F7294BFE7900075142 /* ListMovieViewController.xib */,
				1534F0F9294BFF5300075142 /* SearchMoviesViewController.swift */,
				1534F0FB294C091F00075142 /* SearchMovieViewController.xib */,
			);
			path = Controllers;
			sourceTree = "<group>";
		};
		A6EB4BBF294A6A070073A4F5 = {
			isa = PBXGroup;
			children = (
				1534F0F0294BBBBC00075142 /* Controllers */,
				1534F0EE294BBAB500075142 /* AppDelegate.swift */,
				1534F0B4294AD03400075142 /* Constants.swift */,
				1534F0EB294BB9E900075142 /* DataSource */,
				1534F0E7294BB90500075142 /* ViewModels */,
				A6EB4BDE294A6E570073A4F5 /* Models */,
				A6EB4BCA294A6A070073A4F5 /* Cinematic */,
				A6EB4BC9294A6A070073A4F5 /* Products */,
			);
			sourceTree = "<group>";
		};
		A6EB4BC9294A6A070073A4F5 /* Products */ = {
			isa = PBXGroup;
			children = (
				A6EB4BC8294A6A070073A4F5 /* Cinematic.app */,
			);
			name = Products;
			sourceTree = "<group>";
		};
		A6EB4BCA294A6A070073A4F5 /* Cinematic */ = {
			isa = PBXGroup;
			children = (
				1534F0B6294ADD1C00075142 /* Views */,
				1534F0AD294ACBF700075142 /* Services */,
				A6EB4BCB294A6A070073A4F5 /* CinematicApp.swift */,
				A6EB4BCD294A6A070073A4F5 /* ContentView.swift */,
				A6EB4BCF294A6A090073A4F5 /* Assets.xcassets */,
				A6EB4BD4294A6A090073A4F5 /* Persistence.swift */,
				A6EB4BD6294A6A090073A4F5 /* Cinematic.xcdatamodeld */,
				A6EB4BD1294A6A090073A4F5 /* Preview Content */,
			);
			path = Cinematic;
			sourceTree = "<group>";
		};
		A6EB4BD1294A6A090073A4F5 /* Preview Content */ = {
			isa = PBXGroup;
			children = (
				A6EB4BD2294A6A090073A4F5 /* Preview Assets.xcassets */,
			);
			path = "Preview Content";
			sourceTree = "<group>";
		};
		A6EB4BDE294A6E570073A4F5 /* Models */ = {
			isa = PBXGroup;
			children = (
				A6EB4BDF294A6E7C0073A4F5 /* Genre.swift */,
				A6EB4BE1294A6E900073A4F5 /* Movie.swift */,
			);
			path = Models;
			sourceTree = "<group>";
		};
/* End PBXGroup section */

/* Begin PBXNativeTarget section */
		A6EB4BC7294A6A070073A4F5 /* Cinematic */ = {
			isa = PBXNativeTarget;
			buildConfigurationList = A6EB4BDB294A6A090073A4F5 /* Build configuration list for PBXNativeTarget "Cinematic" */;
			buildPhases = (
				A6EB4BC4294A6A070073A4F5 /* Sources */,
				A6EB4BC5294A6A070073A4F5 /* Frameworks */,
				A6EB4BC6294A6A070073A4F5 /* Resources */,
			);
			buildRules = (
			);
			dependencies = (
			);
			name = Cinematic;
			productName = Cinematic;
			productReference = A6EB4BC8294A6A070073A4F5 /* Cinematic.app */;
			productType = "com.apple.product-type.application";
		};
/* End PBXNativeTarget section */

/* Begin PBXProject section */
		A6EB4BC0294A6A070073A4F5 /* Project object */ = {
			isa = PBXProject;
			attributes = {
				BuildIndependentTargetsInParallel = 1;
				LastSwiftUpdateCheck = 1400;
				LastUpgradeCheck = 1400;
				TargetAttributes = {
					A6EB4BC7294A6A070073A4F5 = {
						CreatedOnToolsVersion = 14.0.1;
					};
				};
			};
			buildConfigurationList = A6EB4BC3294A6A070073A4F5 /* Build configuration list for PBXProject "Cinematic" */;
			compatibilityVersion = "Xcode 14.0";
			developmentRegion = en;
			hasScannedForEncodings = 0;
			knownRegions = (
				en,
				Base,
			);
			mainGroup = A6EB4BBF294A6A070073A4F5;
			productRefGroup = A6EB4BC9294A6A070073A4F5 /* Products */;
			projectDirPath = "";
			projectRoot = "";
			targets = (
				A6EB4BC7294A6A070073A4F5 /* Cinematic */,
			);
		};
/* End PBXProject section */

/* Begin PBXResourcesBuildPhase section */
		A6EB4BC6294A6A070073A4F5 /* Resources */ = {
			isa = PBXResourcesBuildPhase;
			buildActionMask = 2147483647;
			files = (
				A6EB4BD3294A6A090073A4F5 /* Preview Assets.xcassets in Resources */,
				1534F0E6294AF3EA00075142 /* MoviesView.xib in Resources */,
				A6EB4BD0294A6A090073A4F5 /* Assets.xcassets in Resources */,
				1534F0FC294C091F00075142 /* SearchMovieViewController.xib in Resources */,
				1534F0F8294BFE7900075142 /* ListMovieViewController.xib in Resources */,
				1534F0D8294AEEA600075142 /* MoviesCollectionViewCell.xib in Resources */,
			);
			runOnlyForDeploymentPostprocessing = 0;
		};
/* End PBXResourcesBuildPhase section */

/* Begin PBXSourcesBuildPhase section */
		A6EB4BC4294A6A070073A4F5 /* Sources */ = {
			isa = PBXSourcesBuildPhase;
			buildActionMask = 2147483647;
			files = (
				1534F0B1294ACDEC00075142 /* GenreService.swift in Sources */,
				1534F0B3294ACF2C00075142 /* Service.swift in Sources */,
				1534F0CD294AE7C300075142 /* JSONDecoderExtension.swift in Sources */,
				1534F0F4294BBC5500075142 /* TabBarController.swift in Sources */,
				1534F0D4294AEE0A00075142 /* MoviesCollectionViewCell.swift in Sources */,
				1534F0E9294BB95A00075142 /* ShowMovieViewModel.swift in Sources */,
				1534F0FA294BFF5300075142 /* SearchMoviesViewController.swift in Sources */,
				A6EB4BD5294A6A090073A4F5 /* Persistence.swift in Sources */,
				A6EB4BCE294A6A070073A4F5 /* ContentView.swift in Sources */,
				1534F0F6294BCC3000075142 /* ListMoviesViewController.swift in Sources */,
				A6EB4BE2294A6E900073A4F5 /* Movie.swift in Sources */,
				A6EB4BCC294A6A070073A4F5 /* CinematicApp.swift in Sources */,
				A6EB4BD8294A6A090073A4F5 /* Cinematic.xcdatamodeld in Sources */,
				A6EB4BE0294A6E7C0073A4F5 /* Genre.swift in Sources */,
				1534F0ED294BBA0200075142 /* MovieDataSource.swift in Sources */,
				1534F0B5294AD03400075142 /* Constants.swift in Sources */,
				1534F0E4294AF2F700075142 /* MoviesView.swift in Sources */,
				1534F0CA294AE2B100075142 /* MovieService.swift in Sources */,
				1534F0EF294BBAB500075142 /* AppDelegate.swift in Sources */,
				1534F0E0294AF1AF00075142 /* CustomImageView.swift in Sources */,
			);
			runOnlyForDeploymentPostprocessing = 0;
		};
/* End PBXSourcesBuildPhase section */

/* Begin XCBuildConfiguration section */
		A6EB4BD9294A6A090073A4F5 /* Debug */ = {
			isa = XCBuildConfiguration;
			buildSettings = {
				ALWAYS_SEARCH_USER_PATHS = NO;
				CLANG_ANALYZER_NONNULL = YES;
				CLANG_ANALYZER_NUMBER_OBJECT_CONVERSION = YES_AGGRESSIVE;
				CLANG_CXX_LANGUAGE_STANDARD = "gnu++20";
				CLANG_ENABLE_MODULES = YES;
				CLANG_ENABLE_OBJC_ARC = YES;
				CLANG_ENABLE_OBJC_WEAK = YES;
				CLANG_WARN_BLOCK_CAPTURE_AUTORELEASING = YES;
				CLANG_WARN_BOOL_CONVERSION = YES;
				CLANG_WARN_COMMA = YES;
				CLANG_WARN_CONSTANT_CONVERSION = YES;
				CLANG_WARN_DEPRECATED_OBJC_IMPLEMENTATIONS = YES;
				CLANG_WARN_DIRECT_OBJC_ISA_USAGE = YES_ERROR;
				CLANG_WARN_DOCUMENTATION_COMMENTS = YES;
				CLANG_WARN_EMPTY_BODY = YES;
				CLANG_WARN_ENUM_CONVERSION = YES;
				CLANG_WARN_INFINITE_RECURSION = YES;
				CLANG_WARN_INT_CONVERSION = YES;
				CLANG_WARN_NON_LITERAL_NULL_CONVERSION = YES;
				CLANG_WARN_OBJC_IMPLICIT_RETAIN_SELF = YES;
				CLANG_WARN_OBJC_LITERAL_CONVERSION = YES;
				CLANG_WARN_OBJC_ROOT_CLASS = YES_ERROR;
				CLANG_WARN_QUOTED_INCLUDE_IN_FRAMEWORK_HEADER = YES;
				CLANG_WARN_RANGE_LOOP_ANALYSIS = YES;
				CLANG_WARN_STRICT_PROTOTYPES = YES;
				CLANG_WARN_SUSPICIOUS_MOVE = YES;
				CLANG_WARN_UNGUARDED_AVAILABILITY = YES_AGGRESSIVE;
				CLANG_WARN_UNREACHABLE_CODE = YES;
				CLANG_WARN__DUPLICATE_METHOD_MATCH = YES;
				COPY_PHASE_STRIP = NO;
				DEBUG_INFORMATION_FORMAT = dwarf;
				ENABLE_STRICT_OBJC_MSGSEND = YES;
				ENABLE_TESTABILITY = YES;
				GCC_C_LANGUAGE_STANDARD = gnu11;
				GCC_DYNAMIC_NO_PIC = NO;
				GCC_NO_COMMON_BLOCKS = YES;
				GCC_OPTIMIZATION_LEVEL = 0;
				GCC_PREPROCESSOR_DEFINITIONS = (
					"DEBUG=1",
					"$(inherited)",
				);
				GCC_WARN_64_TO_32_BIT_CONVERSION = YES;
				GCC_WARN_ABOUT_RETURN_TYPE = YES_ERROR;
				GCC_WARN_UNDECLARED_SELECTOR = YES;
				GCC_WARN_UNINITIALIZED_AUTOS = YES_AGGRESSIVE;
				GCC_WARN_UNUSED_FUNCTION = YES;
				GCC_WARN_UNUSED_VARIABLE = YES;
				IPHONEOS_DEPLOYMENT_TARGET = 16.0;
				MTL_ENABLE_DEBUG_INFO = INCLUDE_SOURCE;
				MTL_FAST_MATH = YES;
				ONLY_ACTIVE_ARCH = YES;
				SDKROOT = iphoneos;
				SWIFT_ACTIVE_COMPILATION_CONDITIONS = DEBUG;
				SWIFT_OPTIMIZATION_LEVEL = "-Onone";
			};
			name = Debug;
		};
		A6EB4BDA294A6A090073A4F5 /* Release */ = {
			isa = XCBuildConfiguration;
			buildSettings = {
				ALWAYS_SEARCH_USER_PATHS = NO;
				CLANG_ANALYZER_NONNULL = YES;
				CLANG_ANALYZER_NUMBER_OBJECT_CONVERSION = YES_AGGRESSIVE;
				CLANG_CXX_LANGUAGE_STANDARD = "gnu++20";
				CLANG_ENABLE_MODULES = YES;
				CLANG_ENABLE_OBJC_ARC = YES;
				CLANG_ENABLE_OBJC_WEAK = YES;
				CLANG_WARN_BLOCK_CAPTURE_AUTORELEASING = YES;
				CLANG_WARN_BOOL_CONVERSION = YES;
				CLANG_WARN_COMMA = YES;
				CLANG_WARN_CONSTANT_CONVERSION = YES;
				CLANG_WARN_DEPRECATED_OBJC_IMPLEMENTATIONS = YES;
				CLANG_WARN_DIRECT_OBJC_ISA_USAGE = YES_ERROR;
				CLANG_WARN_DOCUMENTATION_COMMENTS = YES;
				CLANG_WARN_EMPTY_BODY = YES;
				CLANG_WARN_ENUM_CONVERSION = YES;
				CLANG_WARN_INFINITE_RECURSION = YES;
				CLANG_WARN_INT_CONVERSION = YES;
				CLANG_WARN_NON_LITERAL_NULL_CONVERSION = YES;
				CLANG_WARN_OBJC_IMPLICIT_RETAIN_SELF = YES;
				CLANG_WARN_OBJC_LITERAL_CONVERSION = YES;
				CLANG_WARN_OBJC_ROOT_CLASS = YES_ERROR;
				CLANG_WARN_QUOTED_INCLUDE_IN_FRAMEWORK_HEADER = YES;
				CLANG_WARN_RANGE_LOOP_ANALYSIS = YES;
				CLANG_WARN_STRICT_PROTOTYPES = YES;
				CLANG_WARN_SUSPICIOUS_MOVE = YES;
				CLANG_WARN_UNGUARDED_AVAILABILITY = YES_AGGRESSIVE;
				CLANG_WARN_UNREACHABLE_CODE = YES;
				CLANG_WARN__DUPLICATE_METHOD_MATCH = YES;
				COPY_PHASE_STRIP = NO;
				DEBUG_INFORMATION_FORMAT = "dwarf-with-dsym";
				ENABLE_NS_ASSERTIONS = NO;
				ENABLE_STRICT_OBJC_MSGSEND = YES;
				GCC_C_LANGUAGE_STANDARD = gnu11;
				GCC_NO_COMMON_BLOCKS = YES;
				GCC_WARN_64_TO_32_BIT_CONVERSION = YES;
				GCC_WARN_ABOUT_RETURN_TYPE = YES_ERROR;
				GCC_WARN_UNDECLARED_SELECTOR = YES;
				GCC_WARN_UNINITIALIZED_AUTOS = YES_AGGRESSIVE;
				GCC_WARN_UNUSED_FUNCTION = YES;
				GCC_WARN_UNUSED_VARIABLE = YES;
				IPHONEOS_DEPLOYMENT_TARGET = 16.0;
				MTL_ENABLE_DEBUG_INFO = NO;
				MTL_FAST_MATH = YES;
				SDKROOT = iphoneos;
				SWIFT_COMPILATION_MODE = wholemodule;
				SWIFT_OPTIMIZATION_LEVEL = "-O";
				VALIDATE_PRODUCT = YES;
			};
			name = Release;
		};
		A6EB4BDC294A6A090073A4F5 /* Debug */ = {
			isa = XCBuildConfiguration;
			buildSettings = {
				ASSETCATALOG_COMPILER_APPICON_NAME = AppIcon;
				ASSETCATALOG_COMPILER_GLOBAL_ACCENT_COLOR_NAME = AccentColor;
				CODE_SIGN_STYLE = Automatic;
				CURRENT_PROJECT_VERSION = 1;
				DEVELOPMENT_ASSET_PATHS = "\"Cinematic/Preview Content\"";
				ENABLE_PREVIEWS = YES;
				GENERATE_INFOPLIST_FILE = YES;
				INFOPLIST_KEY_UIApplicationSceneManifest_Generation = YES;
				INFOPLIST_KEY_UIApplicationSupportsIndirectInputEvents = YES;
				INFOPLIST_KEY_UILaunchScreen_Generation = YES;
				INFOPLIST_KEY_UISupportedInterfaceOrientations_iPad = "UIInterfaceOrientationPortrait UIInterfaceOrientationPortraitUpsideDown UIInterfaceOrientationLandscapeLeft UIInterfaceOrientationLandscapeRight";
				INFOPLIST_KEY_UISupportedInterfaceOrientations_iPhone = "UIInterfaceOrientationPortrait UIInterfaceOrientationLandscapeLeft UIInterfaceOrientationLandscapeRight";
				LD_RUNPATH_SEARCH_PATHS = (
					"$(inherited)",
					"@executable_path/Frameworks",
				);
				MARKETING_VERSION = 1.0;
				PRODUCT_BUNDLE_IDENTIFIER = cambrian.Cinematic;
				PRODUCT_NAME = "$(TARGET_NAME)";
				SWIFT_EMIT_LOC_STRINGS = YES;
				SWIFT_VERSION = 5.0;
				TARGETED_DEVICE_FAMILY = "1,2";
			};
			name = Debug;
		};
		A6EB4BDD294A6A090073A4F5 /* Release */ = {
			isa = XCBuildConfiguration;
			buildSettings = {
				ASSETCATALOG_COMPILER_APPICON_NAME = AppIcon;
				ASSETCATALOG_COMPILER_GLOBAL_ACCENT_COLOR_NAME = AccentColor;
				CODE_SIGN_STYLE = Automatic;
				CURRENT_PROJECT_VERSION = 1;
				DEVELOPMENT_ASSET_PATHS = "\"Cinematic/Preview Content\"";
				ENABLE_PREVIEWS = YES;
				GENERATE_INFOPLIST_FILE = YES;
				INFOPLIST_KEY_UIApplicationSceneManifest_Generation = YES;
				INFOPLIST_KEY_UIApplicationSupportsIndirectInputEvents = YES;
				INFOPLIST_KEY_UILaunchScreen_Generation = YES;
				INFOPLIST_KEY_UISupportedInterfaceOrientations_iPad = "UIInterfaceOrientationPortrait UIInterfaceOrientationPortraitUpsideDown UIInterfaceOrientationLandscapeLeft UIInterfaceOrientationLandscapeRight";
				INFOPLIST_KEY_UISupportedInterfaceOrientations_iPhone = "UIInterfaceOrientationPortrait UIInterfaceOrientationLandscapeLeft UIInterfaceOrientationLandscapeRight";
				LD_RUNPATH_SEARCH_PATHS = (
					"$(inherited)",
					"@executable_path/Frameworks",
				);
				MARKETING_VERSION = 1.0;
				PRODUCT_BUNDLE_IDENTIFIER = cambrian.Cinematic;
				PRODUCT_NAME = "$(TARGET_NAME)";
				SWIFT_EMIT_LOC_STRINGS = YES;
				SWIFT_VERSION = 5.0;
				TARGETED_DEVICE_FAMILY = "1,2";
			};
			name = Release;
		};
/* End XCBuildConfiguration section */

/* Begin XCConfigurationList section */
		A6EB4BC3294A6A070073A4F5 /* Build configuration list for PBXProject "Cinematic" */ = {
			isa = XCConfigurationList;
			buildConfigurations = (
				A6EB4BD9294A6A090073A4F5 /* Debug */,
				A6EB4BDA294A6A090073A4F5 /* Release */,
			);
			defaultConfigurationIsVisible = 0;
			defaultConfigurationName = Release;
		};
		A6EB4BDB294A6A090073A4F5 /* Build configuration list for PBXNativeTarget "Cinematic" */ = {
			isa = XCConfigurationList;
			buildConfigurations = (
				A6EB4BDC294A6A090073A4F5 /* Debug */,
				A6EB4BDD294A6A090073A4F5 /* Release */,
			);
			defaultConfigurationIsVisible = 0;
			defaultConfigurationName = Release;
		};
/* End XCConfigurationList section */

/* Begin XCVersionGroup section */
		A6EB4BD6294A6A090073A4F5 /* Cinematic.xcdatamodeld */ = {
			isa = XCVersionGroup;
			children = (
				A6EB4BD7294A6A090073A4F5 /* Cinematic.xcdatamodel */,
			);
			currentVersion = A6EB4BD7294A6A090073A4F5 /* Cinematic.xcdatamodel */;
			path = Cinematic.xcdatamodeld;
			sourceTree = "<group>";
			versionGroupType = wrapper.xcdatamodel;
		};
/* End XCVersionGroup section */
	};
	rootObject = A6EB4BC0294A6A070073A4F5 /* Project object */;
}
